
Microsoft Visual Studio Solution File, Format Version 12.00
# Visual Studio Version 17
VisualStudioVersion = 17.5.002.0
MinimumVisualStudioVersion = 10.0.40219.1
Project("{9A19103F-16F7-4668-BE54-9A1E7A4F7556}") = "Final", "Final\Final.csproj", "{C998F1C7-754C-40E8-8672-1183F8896536}"
EndProject
Project("{9A19103F-16F7-4668-BE54-9A1E7A4F7556}") = "Starter", "Starter\Starter.csproj", "{BD0FFDD3-2DA9-498C-966B-0A4A6BCEC6AF}"
EndProject
Global
	GlobalSection(SolutionConfigurationPlatforms) = preSolution
		Debug|Any CPU = Debug|Any CPU
		Release|Any CPU = Release|Any CPU
	EndGlobalSection
	GlobalSection(ProjectConfigurationPlatforms) = postSolution
		{C998F1C7-754C-40E8-8672-1183F8896536}.Debug|Any CPU.ActiveCfg = Debug|Any CPU
		{C998F1C7-754C-40E8-8672-1183F8896536}.Debug|Any CPU.Build.0 = Debug|Any CPU
		{C998F1C7-754C-40E8-8672-1183F8896536}.Release|Any CPU.ActiveCfg = Release|Any CPU
		{C998F1C7-754C-40E8-8672-1183F8896536}.Release|Any CPU.Build.0 = Release|Any CPU
		{BD0FFDD3-2DA9-498C-966B-0A4A6BCEC6AF}.Debug|Any CPU.ActiveCfg = Debug|Any CPU
		{BD0FFDD3-2DA9-498C-966B-0A4A6BCEC6AF}.Debug|Any CPU.Build.0 = Debug|Any CPU
		{BD0FFDD3-2DA9-498C-966B-0A4A6BCEC6AF}.Release|Any CPU.ActiveCfg = Release|Any CPU
		{BD0FFDD3-2DA9-498C-966B-0A4A6BCEC6AF}.Release|Any CPU.Build.0 = Release|Any CPU
	EndGlobalSection
	GlobalSection(SolutionProperties) = preSolution
		HideSolutionNode = FALSE
	EndGlobalSection
	GlobalSection(ExtensibilityGlobals) = postSolution
		SolutionGuid = {E6C19E18-405E-4377-8522-075877CA4AF3}
	EndGlobalSection
EndGlobal
